
Microsoft Visual Studio Solution File, Format Version 12.00
# Visual Studio Version 17
VisualStudioVersion = 17.4.33110.190
MinimumVisualStudioVersion = 10.0.40219.1
Project("{FAE04EC0-301F-11D3-BF4B-00C04F79EFBC}") = "SecurityPoC", "SecurityPoC\SecurityPoC.csproj", "{90C71B66-DF86-4136-866D-2F952D51294F}"
EndProject
Global
	GlobalSection(SolutionConfigurationPlatforms) = preSolution
		Debug|Any CPU = Debug|Any CPU
		Release|Any CPU = Release|Any CPU
	EndGlobalSection
	GlobalSection(ProjectConfigurationPlatforms) = postSolution
		{90C71B66-DF86-4136-866D-2F952D51294F}.Debug|Any CPU.ActiveCfg = Debug|Any CPU
		{90C71B66-DF86-4136-866D-2F952D51294F}.Debug|Any CPU.Build.0 = Debug|Any CPU
		{90C71B66-DF86-4136-866D-2F952D51294F}.Release|Any CPU.ActiveCfg = Release|Any CPU
		{90C71B66-DF86-4136-866D-2F952D51294F}.Release|Any CPU.Build.0 = Release|Any CPU
	EndGlobalSection
	GlobalSection(SolutionProperties) = preSolution
		HideSolutionNode = FALSE
	EndGlobalSection
	GlobalSection(ExtensibilityGlobals) = postSolution
		SolutionGuid = {8613300E-BF9B-41A3-9A59-579575FD5E19}
	EndGlobalSection
EndGlobal
